
Microsoft Visual Studio Solution File, Format Version 12.00
# Visual Studio Version 17
VisualStudioVersion = 17.13.35818.85
MinimumVisualStudioVersion = 10.0.40219.1
Project("{FAE04EC0-301F-11D3-BF4B-00C04F79EFBC}") = "CSharpSemProject", "CSharpSemProject\CSharpSemProject.csproj", "{64A4FEAC-EDCD-4202-AD0B-85B72315D118}"
	ProjectSection(ProjectDependencies) = postProject
		{63AE2A8B-0F46-41BF-B46E-15BB7A413A7B} = {63AE2A8B-0F46-41BF-B46E-15BB7A413A7B}
		{74BA29BF-2E14-4C4E-BBC2-38702D5659B2} = {74BA29BF-2E14-4C4E-BBC2-38702D5659B2}
		{A379E1A9-2CFB-444B-9A73-98BDA3DCE0CA} = {A379E1A9-2CFB-444B-9A73-98BDA3DCE0CA}
	EndProjectSection
EndProject
Project("{FAE04EC0-301F-11D3-BF4B-00C04F79EFBC}") = "SemProjectUnitTesting", "SemProjectUnitTesting\SemProjectUnitTesting.csproj", "{B50FD480-CF27-4657-9759-E55D375D0A4A}"
EndProject
Project("{FAE04EC0-301F-11D3-BF4B-00C04F79EFBC}") = "DataDomenLevel", "DataDomenLevel\DataDomenLevel.csproj", "{A379E1A9-2CFB-444B-9A73-98BDA3DCE0CA}"
EndProject
Project("{FAE04EC0-301F-11D3-BF4B-00C04F79EFBC}") = "DataAccessLevel", "DataAccessLevel\DataAccessLevel.csproj", "{63AE2A8B-0F46-41BF-B46E-15BB7A413A7B}"
	ProjectSection(ProjectDependencies) = postProject
		{A379E1A9-2CFB-444B-9A73-98BDA3DCE0CA} = {A379E1A9-2CFB-444B-9A73-98BDA3DCE0CA}
	EndProjectSection
EndProject
Project("{FAE04EC0-301F-11D3-BF4B-00C04F79EFBC}") = "DataUILevel", "DataUILevel\DataUILevel.csproj", "{74BA29BF-2E14-4C4E-BBC2-38702D5659B2}"
	ProjectSection(ProjectDependencies) = postProject
		{A379E1A9-2CFB-444B-9A73-98BDA3DCE0CA} = {A379E1A9-2CFB-444B-9A73-98BDA3DCE0CA}
	EndProjectSection
EndProject
Global
	GlobalSection(SolutionConfigurationPlatforms) = preSolution
		Debug|Any CPU = Debug|Any CPU
		Release|Any CPU = Release|Any CPU
	EndGlobalSection
	GlobalSection(ProjectConfigurationPlatforms) = postSolution
		{64A4FEAC-EDCD-4202-AD0B-85B72315D118}.Debug|Any CPU.ActiveCfg = Debug|Any CPU
		{64A4FEAC-EDCD-4202-AD0B-85B72315D118}.Debug|Any CPU.Build.0 = Debug|Any CPU
		{64A4FEAC-EDCD-4202-AD0B-85B72315D118}.Release|Any CPU.ActiveCfg = Release|Any CPU
		{64A4FEAC-EDCD-4202-AD0B-85B72315D118}.Release|Any CPU.Build.0 = Release|Any CPU
		{B50FD480-CF27-4657-9759-E55D375D0A4A}.Debug|Any CPU.ActiveCfg = Debug|Any CPU
		{B50FD480-CF27-4657-9759-E55D375D0A4A}.Debug|Any CPU.Build.0 = Debug|Any CPU
		{B50FD480-CF27-4657-9759-E55D375D0A4A}.Release|Any CPU.ActiveCfg = Release|Any CPU
		{B50FD480-CF27-4657-9759-E55D375D0A4A}.Release|Any CPU.Build.0 = Release|Any CPU
		{A379E1A9-2CFB-444B-9A73-98BDA3DCE0CA}.Debug|Any CPU.ActiveCfg = Debug|Any CPU
		{A379E1A9-2CFB-444B-9A73-98BDA3DCE0CA}.Debug|Any CPU.Build.0 = Debug|Any CPU
		{A379E1A9-2CFB-444B-9A73-98BDA3DCE0CA}.Release|Any CPU.ActiveCfg = Release|Any CPU
		{A379E1A9-2CFB-444B-9A73-98BDA3DCE0CA}.Release|Any CPU.Build.0 = Release|Any CPU
		{63AE2A8B-0F46-41BF-B46E-15BB7A413A7B}.Debug|Any CPU.ActiveCfg = Debug|Any CPU
		{63AE2A8B-0F46-41BF-B46E-15BB7A413A7B}.Debug|Any CPU.Build.0 = Debug|Any CPU
		{63AE2A8B-0F46-41BF-B46E-15BB7A413A7B}.Release|Any CPU.ActiveCfg = Release|Any CPU
		{63AE2A8B-0F46-41BF-B46E-15BB7A413A7B}.Release|Any CPU.Build.0 = Release|Any CPU
		{74BA29BF-2E14-4C4E-BBC2-38702D5659B2}.Debug|Any CPU.ActiveCfg = Debug|Any CPU
		{74BA29BF-2E14-4C4E-BBC2-38702D5659B2}.Debug|Any CPU.Build.0 = Debug|Any CPU
		{74BA29BF-2E14-4C4E-BBC2-38702D5659B2}.Release|Any CPU.ActiveCfg = Release|Any CPU
		{74BA29BF-2E14-4C4E-BBC2-38702D5659B2}.Release|Any CPU.Build.0 = Release|Any CPU
	EndGlobalSection
	GlobalSection(SolutionProperties) = preSolution
		HideSolutionNode = FALSE
	EndGlobalSection
	GlobalSection(ExtensibilityGlobals) = postSolution
		SolutionGuid = {D54EFD01-E21D-4293-B72C-7E8DDC1948F0}
	EndGlobalSection
EndGlobal
